{
  "version": "5",
  "specifiers": {
    "jsr:@std/assert@*": "1.0.18",
    "jsr:@std/cli@^1.0.27": "1.0.27",
    "jsr:@std/collections@^1.1.3": "1.1.5",
    "jsr:@std/crypto@1.0.5": "1.0.5",
    "jsr:@std/encoding@1.0.10": "1.0.10",
    "jsr:@std/encoding@^1.0.10": "1.0.10",
    "jsr:@std/fmt@1.0.9": "1.0.9",
    "jsr:@std/fmt@^1.0.9": "1.0.9",
    "jsr:@std/front-matter@1.0.9": "1.0.9",
    "jsr:@std/fs@1.0.22": "1.0.22",
    "jsr:@std/fs@^1.0.22": "1.0.22",
    "jsr:@std/html@^1.0.5": "1.0.5",
    "jsr:@std/http@1.0.24": "1.0.24",
    "jsr:@std/internal@^1.0.12": "1.0.12",
    "jsr:@std/media-types@^1.1.0": "1.1.0",
    "jsr:@std/net@^1.0.6": "1.0.6",
    "jsr:@std/path@*": "1.1.4",
    "jsr:@std/path@1.1.4": "1.1.4",
    "jsr:@std/path@^1.1.4": "1.1.4",
    "jsr:@std/semver@1.0.8": "1.0.8",
    "jsr:@std/streams@^1.0.17": "1.0.17",
    "jsr:@std/toml@^1.0.3": "1.0.11",
    "jsr:@std/yaml@^1.0.5": "1.0.11",
    "npm:esbuild@0.27.3": "0.27.3",
    "npm:geojson@0.5.0": "0.5.0",
    "npm:lightningcss-wasm@1.31.1": "1.31.1"
  },
  "jsr": {
    "@std/assert@1.0.18": {
      "integrity": "270245e9c2c13b446286de475131dc688ca9abcd94fc5db41d43a219b34d1c78",
      "dependencies": [
        "jsr:@std/internal"
      ]
    },
    "@std/cli@1.0.27": {
      "integrity": "eba97edd0891871a7410e835dd94b3c260c709cca5983df2689c25a71fbe04de"
    },
    "@std/collections@1.1.5": {
      "integrity": "c37cc6bbbbf90fec3e782535a46c9c8a3210f19118c61add71fcea86b0ffd491"
    },
    "@std/crypto@1.0.5": {
      "integrity": "0dcfbb319fe0bba1bd3af904ceb4f948cde1b92979ec1614528380ed308a3b40"
    },
    "@std/encoding@1.0.10": {
      "integrity": "8783c6384a2d13abd5e9e87a7ae0520a30e9f56aeeaa3bdf910a3eaaf5c811a1"
    },
    "@std/fmt@1.0.9": {
      "integrity": "2487343e8899fb2be5d0e3d35013e54477ada198854e52dd05ed0422eddcabe0"
    },
    "@std/front-matter@1.0.9": {
      "integrity": "ee6201d06674cbef137dda2252f62477450b48249e7d8d9ab57a30f85ff6f051",
      "dependencies": [
        "jsr:@std/toml",
        "jsr:@std/yaml"
      ]
    },
    "@std/fs@1.0.22": {
      "integrity": "de0f277a58a867147a8a01bc1b181d0dfa80bfddba8c9cf2bacd6747bcec9308",
      "dependencies": [
        "jsr:@std/internal",
        "jsr:@std/path@^1.1.4"
      ]
    },
    "@std/html@1.0.5": {
      "integrity": "4e2d693f474cae8c16a920fa5e15a3b72267b94b84667f11a50c6dd1cb18d35e"
    },
    "@std/http@1.0.24": {
      "integrity": "4dd59afd7cfd6e2e96e175b67a5a829b449ae55f08575721ec691e5d85d886d4",
      "dependencies": [
        "jsr:@std/cli",
        "jsr:@std/encoding@^1.0.10",
        "jsr:@std/fmt@^1.0.9",
        "jsr:@std/fs@^1.0.22",
        "jsr:@std/html",
        "jsr:@std/media-types",
        "jsr:@std/net",
        "jsr:@std/path@^1.1.4",
        "jsr:@std/streams"
      ]
    },
    "@std/internal@1.0.12": {
      "integrity": "972a634fd5bc34b242024402972cd5143eac68d8dffaca5eaa4dba30ce17b027"
    },
    "@std/media-types@1.1.0": {
      "integrity": "c9d093f0c05c3512932b330e3cc1fe1d627b301db33a4c2c2185c02471d6eaa4"
    },
    "@std/net@1.0.6": {
      "integrity": "110735f93e95bb9feb95790a8b1d1bf69ec0dc74f3f97a00a76ea5efea25500c"
    },
    "@std/path@1.1.4": {
      "integrity": "1d2d43f39efb1b42f0b1882a25486647cb851481862dc7313390b2bb044314b5",
      "dependencies": [
        "jsr:@std/internal"
      ]
    },
    "@std/semver@1.0.8": {
      "integrity": "dc830e8b8b6a380c895d53fbfd1258dc253704ca57bbe1629ac65fd7830179b7"
    },
    "@std/streams@1.0.17": {
      "integrity": "7859f3d9deed83cf4b41f19223d4a67661b3d3819e9fc117698f493bf5992140"
    },
    "@std/toml@1.0.11": {
      "integrity": "e084988b872ca4bad6aedfb7350f6eeed0e8ba88e9ee5e1590621c5b5bb8f715",
      "dependencies": [
        "jsr:@std/collections"
      ]
    },
    "@std/yaml@1.0.11": {
      "integrity": "bd139ce77f2d06cbed3713c8b26d301d2a2e12ecc7986130a268107e212143ee"
    }
  },
  "npm": {
    "@esbuild/aix-ppc64@0.27.3": {
      "integrity": "sha512-9fJMTNFTWZMh5qwrBItuziu834eOCUcEqymSH7pY+zoMVEZg3gcPuBNxH1EvfVYe9h0x/Ptw8KBzv7qxb7l8dg==",
      "os": ["aix"],
      "cpu": ["ppc64"]
    },
    "@esbuild/android-arm64@0.27.3": {
      "integrity": "sha512-YdghPYUmj/FX2SYKJ0OZxf+iaKgMsKHVPF1MAq/P8WirnSpCStzKJFjOjzsW0QQ7oIAiccHdcqjbHmJxRb/dmg==",
      "os": ["android"],
      "cpu": ["arm64"]
    },
    "@esbuild/android-arm@0.27.3": {
      "integrity": "sha512-i5D1hPY7GIQmXlXhs2w8AWHhenb00+GxjxRncS2ZM7YNVGNfaMxgzSGuO8o8SJzRc/oZwU2bcScvVERk03QhzA==",
      "os": ["android"],
      "cpu": ["arm"]
    },
    "@esbuild/android-x64@0.27.3": {
      "integrity": "sha512-IN/0BNTkHtk8lkOM8JWAYFg4ORxBkZQf9zXiEOfERX/CzxW3Vg1ewAhU7QSWQpVIzTW+b8Xy+lGzdYXV6UZObQ==",
      "os": ["android"],
      "cpu": ["x64"]
    },
    "@esbuild/darwin-arm64@0.27.3": {
      "integrity": "sha512-Re491k7ByTVRy0t3EKWajdLIr0gz2kKKfzafkth4Q8A5n1xTHrkqZgLLjFEHVD+AXdUGgQMq+Godfq45mGpCKg==",
      "os": ["darwin"],
      "cpu": ["arm64"]
    },
    "@esbuild/darwin-x64@0.27.3": {
      "integrity": "sha512-vHk/hA7/1AckjGzRqi6wbo+jaShzRowYip6rt6q7VYEDX4LEy1pZfDpdxCBnGtl+A5zq8iXDcyuxwtv3hNtHFg==",
      "os": ["darwin"],
      "cpu": ["x64"]
    },
    "@esbuild/freebsd-arm64@0.27.3": {
      "integrity": "sha512-ipTYM2fjt3kQAYOvo6vcxJx3nBYAzPjgTCk7QEgZG8AUO3ydUhvelmhrbOheMnGOlaSFUoHXB6un+A7q4ygY9w==",
      "os": ["freebsd"],
      "cpu": ["arm64"]
    },
    "@esbuild/freebsd-x64@0.27.3": {
      "integrity": "sha512-dDk0X87T7mI6U3K9VjWtHOXqwAMJBNN2r7bejDsc+j03SEjtD9HrOl8gVFByeM0aJksoUuUVU9TBaZa2rgj0oA==",
      "os": ["freebsd"],
      "cpu": ["x64"]
    },
    "@esbuild/linux-arm64@0.27.3": {
      "integrity": "sha512-sZOuFz/xWnZ4KH3YfFrKCf1WyPZHakVzTiqji3WDc0BCl2kBwiJLCXpzLzUBLgmp4veFZdvN5ChW4Eq/8Fc2Fg==",
      "os": ["linux"],
      "cpu": ["arm64"]
    },
    "@esbuild/linux-arm@0.27.3": {
      "integrity": "sha512-s6nPv2QkSupJwLYyfS+gwdirm0ukyTFNl3KTgZEAiJDd+iHZcbTPPcWCcRYH+WlNbwChgH2QkE9NSlNrMT8Gfw==",
      "os": ["linux"],
      "cpu": ["arm"]
    },
    "@esbuild/linux-ia32@0.27.3": {
      "integrity": "sha512-yGlQYjdxtLdh0a3jHjuwOrxQjOZYD/C9PfdbgJJF3TIZWnm/tMd/RcNiLngiu4iwcBAOezdnSLAwQDPqTmtTYg==",
      "os": ["linux"],
      "cpu": ["ia32"]
    },
    "@esbuild/linux-loong64@0.27.3": {
      "integrity": "sha512-WO60Sn8ly3gtzhyjATDgieJNet/KqsDlX5nRC5Y3oTFcS1l0KWba+SEa9Ja1GfDqSF1z6hif/SkpQJbL63cgOA==",
      "os": ["linux"],
      "cpu": ["loong64"]
    },
    "@esbuild/linux-mips64el@0.27.3": {
      "integrity": "sha512-APsymYA6sGcZ4pD6k+UxbDjOFSvPWyZhjaiPyl/f79xKxwTnrn5QUnXR5prvetuaSMsb4jgeHewIDCIWljrSxw==",
      "os": ["linux"],
      "cpu": ["mips64el"]
    },
    "@esbuild/linux-ppc64@0.27.3": {
      "integrity": "sha512-eizBnTeBefojtDb9nSh4vvVQ3V9Qf9Df01PfawPcRzJH4gFSgrObw+LveUyDoKU3kxi5+9RJTCWlj4FjYXVPEA==",
      "os": ["linux"],
      "cpu": ["ppc64"]
    },
    "@esbuild/linux-riscv64@0.27.3": {
      "integrity": "sha512-3Emwh0r5wmfm3ssTWRQSyVhbOHvqegUDRd0WhmXKX2mkHJe1SFCMJhagUleMq+Uci34wLSipf8Lagt4LlpRFWQ==",
      "os": ["linux"],
      "cpu": ["riscv64"]
    },
    "@esbuild/linux-s390x@0.27.3": {
      "integrity": "sha512-pBHUx9LzXWBc7MFIEEL0yD/ZVtNgLytvx60gES28GcWMqil8ElCYR4kvbV2BDqsHOvVDRrOxGySBM9Fcv744hw==",
      "os": ["linux"],
      "cpu": ["s390x"]
    },
    "@esbuild/linux-x64@0.27.3": {
      "integrity": "sha512-Czi8yzXUWIQYAtL/2y6vogER8pvcsOsk5cpwL4Gk5nJqH5UZiVByIY8Eorm5R13gq+DQKYg0+JyQoytLQas4dA==",
      "os": ["linux"],
      "cpu": ["x64"]
    },
    "@esbuild/netbsd-arm64@0.27.3": {
      "integrity": "sha512-sDpk0RgmTCR/5HguIZa9n9u+HVKf40fbEUt+iTzSnCaGvY9kFP0YKBWZtJaraonFnqef5SlJ8/TiPAxzyS+UoA==",
      "os": ["netbsd"],
      "cpu": ["arm64"]
    },
    "@esbuild/netbsd-x64@0.27.3": {
      "integrity": "sha512-P14lFKJl/DdaE00LItAukUdZO5iqNH7+PjoBm+fLQjtxfcfFE20Xf5CrLsmZdq5LFFZzb5JMZ9grUwvtVYzjiA==",
      "os": ["netbsd"],
      "cpu": ["x64"]
    },
    "@esbuild/openbsd-arm64@0.27.3": {
      "integrity": "sha512-AIcMP77AvirGbRl/UZFTq5hjXK+2wC7qFRGoHSDrZ5v5b8DK/GYpXW3CPRL53NkvDqb9D+alBiC/dV0Fb7eJcw==",
      "os": ["openbsd"],
      "cpu": ["arm64"]
    },
    "@esbuild/openbsd-x64@0.27.3": {
      "integrity": "sha512-DnW2sRrBzA+YnE70LKqnM3P+z8vehfJWHXECbwBmH/CU51z6FiqTQTHFenPlHmo3a8UgpLyH3PT+87OViOh1AQ==",
      "os": ["openbsd"],
      "cpu": ["x64"]
    },
    "@esbuild/openharmony-arm64@0.27.3": {
      "integrity": "sha512-NinAEgr/etERPTsZJ7aEZQvvg/A6IsZG/LgZy+81wON2huV7SrK3e63dU0XhyZP4RKGyTm7aOgmQk0bGp0fy2g==",
      "os": ["openharmony"],
      "cpu": ["arm64"]
    },
    "@esbuild/sunos-x64@0.27.3": {
      "integrity": "sha512-PanZ+nEz+eWoBJ8/f8HKxTTD172SKwdXebZ0ndd953gt1HRBbhMsaNqjTyYLGLPdoWHy4zLU7bDVJztF5f3BHA==",
      "os": ["sunos"],
      "cpu": ["x64"]
    },
    "@esbuild/win32-arm64@0.27.3": {
      "integrity": "sha512-B2t59lWWYrbRDw/tjiWOuzSsFh1Y/E95ofKz7rIVYSQkUYBjfSgf6oeYPNWHToFRr2zx52JKApIcAS/D5TUBnA==",
      "os": ["win32"],
      "cpu": ["arm64"]
    },
    "@esbuild/win32-ia32@0.27.3": {
      "integrity": "sha512-QLKSFeXNS8+tHW7tZpMtjlNb7HKau0QDpwm49u0vUp9y1WOF+PEzkU84y9GqYaAVW8aH8f3GcBck26jh54cX4Q==",
      "os": ["win32"],
      "cpu": ["ia32"]
    },
    "@esbuild/win32-x64@0.27.3": {
      "integrity": "sha512-4uJGhsxuptu3OcpVAzli+/gWusVGwZZHTlS63hh++ehExkVT8SgiEf7/uC/PclrPPkLhZqGgCTjd0VWLo6xMqA==",
      "os": ["win32"],
      "cpu": ["x64"]
    },
    "esbuild@0.27.3": {
      "integrity": "sha512-8VwMnyGCONIs6cWue2IdpHxHnAjzxnw2Zr7MkVxB2vjmQ2ivqGFb4LEG3SMnv0Gb2F/G/2yA8zUaiL1gywDCCg==",
      "optionalDependencies": [
        "@esbuild/aix-ppc64",
        "@esbuild/android-arm",
        "@esbuild/android-arm64",
        "@esbuild/android-x64",
        "@esbuild/darwin-arm64",
        "@esbuild/darwin-x64",
        "@esbuild/freebsd-arm64",
        "@esbuild/freebsd-x64",
        "@esbuild/linux-arm",
        "@esbuild/linux-arm64",
        "@esbuild/linux-ia32",
        "@esbuild/linux-loong64",
        "@esbuild/linux-mips64el",
        "@esbuild/linux-ppc64",
        "@esbuild/linux-riscv64",
        "@esbuild/linux-s390x",
        "@esbuild/linux-x64",
        "@esbuild/netbsd-arm64",
        "@esbuild/netbsd-x64",
        "@esbuild/openbsd-arm64",
        "@esbuild/openbsd-x64",
        "@esbuild/openharmony-arm64",
        "@esbuild/sunos-x64",
        "@esbuild/win32-arm64",
        "@esbuild/win32-ia32",
        "@esbuild/win32-x64"
      ],
      "scripts": true,
      "bin": true
    },
    "geojson@0.5.0": {
      "integrity": "sha512-/Bx5lEn+qRF4TfQ5aLu6NH+UKtvIv7Lhc487y/c8BdludrCTpiWf9wyI0RTyqg49MFefIAvFDuEi5Dfd/zgNxQ=="
    },
    "lightningcss-wasm@1.31.1": {
      "integrity": "sha512-JYnA3ZpKhF/X+pkLBPMsqDAXZmxd2mQ4nauKd78IfMnioook736ksaCJu6d70Wkq6soD74V+G4fhaOWmWzW5dg=="
    }
  },
  "remote": {
    "https://cdn.jsdelivr.net/gh/b-fuze/deno-dom@0.1.56/build/deno-wasm/deno-wasm-dynamic.js": "fd05e83a855aa68b09396dc47a7638ef526c39917971715ac37e0fc3227db886",
    "https://cdn.jsdelivr.net/gh/b-fuze/deno-dom@0.1.56/build/deno-wasm/deno-wasm.js": "ccde5219e42040b8f7a8b653acc6c8cca197c29f98d6b75f74c48111e34bcbea",
    "https://cdn.jsdelivr.net/gh/b-fuze/deno-dom@0.1.56/build/deno-wasm/deno-wasm_bg-wasm.js": "52c57905a74047d1574f0b96e301ef1d5974cd962705615555b5e46b5ac420e4",
    "https://cdn.jsdelivr.net/gh/b-fuze/deno-dom@0.1.56/build/deno-wasm/deno-wasm_bg.wasm": "b5fbd7ede316f7c13e4a7b927a053a35b475a9acce7c7cae864e91d9b8dd24c7",
    "https://cdn.jsdelivr.net/gh/b-fuze/deno-dom@0.1.56/build/deno-wasm/env.js": "17da784c11b192c591dbf7df21ec6f65f63f45ca9a713e4ca100f3c886b4023f",
    "https://cdn.jsdelivr.net/gh/b-fuze/deno-dom@0.1.56/build/deno-wasm/wbg.js": "b5b6de12bc010fa23438c8a8276067b9044a405da516d0bbe4ae61b7c6d61a22",
    "https://cdn.jsdelivr.net/gh/b-fuze/deno-dom@0.1.56/deno-dom-wasm.ts": "34f0654b452568fbd95b8d1b2a493de19710ac9ceeb6b82f541d09c29613572d",
    "https://cdn.jsdelivr.net/gh/b-fuze/deno-dom@0.1.56/src/api.ts": "0ff5790f0a3eeecb4e00b7d8fbfa319b165962cf6d0182a65ba90f158d74f7d7",
    "https://cdn.jsdelivr.net/gh/b-fuze/deno-dom@0.1.56/src/constructor-lock.ts": "0e7b297e8b9cf921a3b0d3a692ec5fb462c5afc47ec554292e20090b9e16b40a",
    "https://cdn.jsdelivr.net/gh/b-fuze/deno-dom@0.1.56/src/deserialize.ts": "514953418b7ae558ed7361ad9be21013f46cba2f58bd7f4acc90cf1e89f9c8cf",
    "https://cdn.jsdelivr.net/gh/b-fuze/deno-dom@0.1.56/src/dom/document-fragment.ts": "0b915d094830d43b330dc2fb8012b990f2c815773c6cdcd4a9fdff99fe47412e",
    "https://cdn.jsdelivr.net/gh/b-fuze/deno-dom@0.1.56/src/dom/document.ts": "ad584ac4ce6dce03f0ff6ef4b7db86fd598f9c7824da1387f7f2acd7d6948e4a",
    "https://cdn.jsdelivr.net/gh/b-fuze/deno-dom@0.1.56/src/dom/dom-parser.ts": "ab5e8382700bc3936ac67e8d11b7bb9c6999a994ac8b070b7cae94e2d2ecee5a",
    "https://cdn.jsdelivr.net/gh/b-fuze/deno-dom@0.1.56/src/dom/element.ts": "9726ebf139b97ae96671d38da720988cfd6481ff9068ba13f3b0d00e72f0c8c0",
    "https://cdn.jsdelivr.net/gh/b-fuze/deno-dom@0.1.56/src/dom/elements/html-template-element.ts": "1707dfb4cbb145f3bcb94426d7cdedbaa336620d0afed30e99f50fe87ba24a98",
    "https://cdn.jsdelivr.net/gh/b-fuze/deno-dom@0.1.56/src/dom/html-collection.ts": "dcf328e883877f7748d3e20fb6319e739f297a6e24f4b00ec5b1a2f390cfa3c6",
    "https://cdn.jsdelivr.net/gh/b-fuze/deno-dom@0.1.56/src/dom/node-list.ts": "be9793475d82539da8b97a17b6b5538cc723538c10cc5820a23e5e4b2248845d",
    "https://cdn.jsdelivr.net/gh/b-fuze/deno-dom@0.1.56/src/dom/node.ts": "53ada9e4b2ae21f10f5941ff257ed4585920ae392020544648f349c05d15d30c",
    "https://cdn.jsdelivr.net/gh/b-fuze/deno-dom@0.1.56/src/dom/selectors/custom-api.ts": "852696bd58e534bc41bd3be9e2250b60b67cd95fd28ed16b1deff1d548531a71",
    "https://cdn.jsdelivr.net/gh/b-fuze/deno-dom@0.1.56/src/dom/selectors/nwsapi-types.ts": "c43b36c36acc5d32caabaa54fda8c9d239b2b0fcbce9a28efb93c84aa1021698",
    "https://cdn.jsdelivr.net/gh/b-fuze/deno-dom@0.1.56/src/dom/selectors/nwsapi.js": "985d7d8fc1eabbb88946b47a1c44c1b2d4aa79ff23c21424219f1528fa27a2ff",
    "https://cdn.jsdelivr.net/gh/b-fuze/deno-dom@0.1.56/src/dom/selectors/selectors.ts": "83eab57be2290fb48e3130533448c93c6c61239f2a2f3b85f1917f80ca0fdc75",
    "https://cdn.jsdelivr.net/gh/b-fuze/deno-dom@0.1.56/src/dom/selectors/sizzle-types.ts": "78149e2502409989ce861ed636b813b059e16bc267bb543e7c2b26ef43e4798b",
    "https://cdn.jsdelivr.net/gh/b-fuze/deno-dom@0.1.56/src/dom/selectors/sizzle.js": "c3aed60c1045a106d8e546ac2f85cc82e65f62d9af2f8f515210b9212286682a",
    "https://cdn.jsdelivr.net/gh/b-fuze/deno-dom@0.1.56/src/dom/string-cache.ts": "8e935804f7bac244cc70cec90a28c9f6d30fea14c61c2c4ea48fca274376d786",
    "https://cdn.jsdelivr.net/gh/b-fuze/deno-dom@0.1.56/src/dom/utils-types.ts": "96db30e3e4a75b194201bb9fa30988215da7f91b380fca6a5143e51ece2a8436",
    "https://cdn.jsdelivr.net/gh/b-fuze/deno-dom@0.1.56/src/dom/utils.ts": "bc429635e9204051ba1ecc1b212031b5ee7c6bcd95120c91bef696804aa67e74",
    "https://cdn.jsdelivr.net/gh/b-fuze/deno-dom@0.1.56/src/parser.ts": "e06b2300d693e6ae7564e53dfa5c9a9e97fdb8c044c39c52c8b93b5d60860be3",
    "https://cdn.jsdelivr.net/gh/lumeland/bar@0.1.14/types.ts": "38f3714e1432c174009495333972f85fb306eb6313112ac8830fda9f1f47e87f",
    "https://cdn.jsdelivr.net/gh/lumeland/lume@3.2.1/core/cache.ts": "bec945853a7111babf1fb465090d84dbf4176af0ad465b63b51031134ad6ea2a",
    "https://cdn.jsdelivr.net/gh/lumeland/lume@3.2.1/core/components.ts": "e5b0d2aca8e630735534a4cb781802fe9c194c3be4e1010c0abe73617c607d84",
    "https://cdn.jsdelivr.net/gh/lumeland/lume@3.2.1/core/data_loader.ts": "8698a9e9b1aac27147dc835ba89a0e30828c81338eceae86630607d78f146215",
    "https://cdn.jsdelivr.net/gh/lumeland/lume@3.2.1/core/debugbar.ts": "77d23362c29e69a8f42b8fc13d6129e62ac6ecf339bc0ac4739082c800b44f58",
    "https://cdn.jsdelivr.net/gh/lumeland/lume@3.2.1/core/events.ts": "e4fd1786eb7dd4a041d7d922779b9edf1ee89e51fd17ba5e756f380879ccb557",
    "https://cdn.jsdelivr.net/gh/lumeland/lume@3.2.1/core/file.ts": "4058ca45d07eb5940bddc6b0384df3dcac389ab7d3b2dca48f30ba75e196df1b",
    "https://cdn.jsdelivr.net/gh/lumeland/lume@3.2.1/core/formats.ts": "e65130e5c5f2e49435619479710c812199b480a9e145fdc6b2bac11cfe6ea08e",
    "https://cdn.jsdelivr.net/gh/lumeland/lume@3.2.1/core/fs.ts": "ad0b1eb43361f76f36674505ef6b8870176ef386c43ee962e6c750506b40a071",
    "https://cdn.jsdelivr.net/gh/lumeland/lume@3.2.1/core/loaders/binary.ts": "bb1e1cf3faac49f6007dc6814168dc0f633da17356db18e68862e4b2a87a3f33",
    "https://cdn.jsdelivr.net/gh/lumeland/lume@3.2.1/core/loaders/text.ts": "42860fc3482651fa6cfba18a734bb548d6e6e1163bf1015c2abc447ab150acbd",
    "https://cdn.jsdelivr.net/gh/lumeland/lume@3.2.1/core/processors.ts": "047a87b0c9a0377ef15daaf1b671a29d541e4bb744c152f02a5c4f0a80fbbb64",
    "https://cdn.jsdelivr.net/gh/lumeland/lume@3.2.1/core/renderer.ts": "ed142d18f74d24cf8710e47e13a6c12636a937a9c07d08a402a5f1ebb40d45cf",
    "https://cdn.jsdelivr.net/gh/lumeland/lume@3.2.1/core/scopes.ts": "dbdf93d7a9cead84833779e974f190b1379356ec7c0ccd34aa92f917c2cdd2f9",
    "https://cdn.jsdelivr.net/gh/lumeland/lume@3.2.1/core/scripts.ts": "286969b120d2290ba57a7fdd9b37e587aacf4e4162d92f51f1f1e9e18c864f30",
    "https://cdn.jsdelivr.net/gh/lumeland/lume@3.2.1/core/searcher.ts": "580fd9a81c67ae33df416f80525a3dacbf49790ea7990a721f76719e15fa4878",
    "https://cdn.jsdelivr.net/gh/lumeland/lume@3.2.1/core/server.ts": "7b98b19422f69a17ed1877f4b6d38ce6b6228128064d88e9430a071846311cbc",
    "https://cdn.jsdelivr.net/gh/lumeland/lume@3.2.1/core/site.ts": "09e6fd5b02359c38f054e45a1e15f5fbc4c882e2c95e3a9d02b9685700ccdd61",
    "https://cdn.jsdelivr.net/gh/lumeland/lume@3.2.1/core/source.ts": "c870bdff7281556a065c1330dbcad8c2a51d229684275b2bae515d8dbfd91847",
    "https://cdn.jsdelivr.net/gh/lumeland/lume@3.2.1/core/utils/cdn.ts": "4309cb725106091d5d92a91f1599a6d5eacaaa5303fe7835ea27d55f97144e03",
    "https://cdn.jsdelivr.net/gh/lumeland/lume@3.2.1/core/utils/concurrent.ts": "cb0775b3d95f3faa356aa3a3e489dccef8807ed93cc4f84fcf5bc81e87c29504",
    "https://cdn.jsdelivr.net/gh/lumeland/lume@3.2.1/core/utils/date.ts": "3eb0b0e2ea15a95cdfe737be70cd4f48cbe49401928cb04c25a230f411ab2478",
    "https://cdn.jsdelivr.net/gh/lumeland/lume@3.2.1/core/utils/digest.ts": "fcd15e7666fb28989b7d5b23c111044cfa71456fa39e26090ee88ac517ee4336",
    "https://cdn.jsdelivr.net/gh/lumeland/lume@3.2.1/core/utils/dom.ts": "8337af56c8d447b5ad1b021a0981f9cec912dba820b2ba346820258b80b5f12a",
    "https://cdn.jsdelivr.net/gh/lumeland/lume@3.2.1/core/utils/env.ts": "9d0d859303e8cb799d122088f077c54b85258763f2541313be3bf66b58ce33a3",
    "https://cdn.jsdelivr.net/gh/lumeland/lume@3.2.1/core/utils/format.ts": "bad71315eefd5ad0413841bbe5e8406d636d58d3ed3ef48674655b3a21a0aab0",
    "https://cdn.jsdelivr.net/gh/lumeland/lume@3.2.1/core/utils/generator.ts": "1e664e9fd4c469e38a0acf5c94fd49dac4f38cb6334563ea4b7fc498b5958877",
    "https://cdn.jsdelivr.net/gh/lumeland/lume@3.2.1/core/utils/log.ts": "478bb87c4178db13bf300f7c421cc9c6b185e85b29834381749c0cee1b5d67d1",
    "https://cdn.jsdelivr.net/gh/lumeland/lume@3.2.1/core/utils/merge_data.ts": "8433920c7e66f27ae558777ed9add637f8c2f67adf9ca2c9ca60d566b9b3583f",
    "https://cdn.jsdelivr.net/gh/lumeland/lume@3.2.1/core/utils/object.ts": "9b2d1c20503137b612fcbb311b42d1f5500ae170b68f1dca43cc6b057423bc6e",
    "https://cdn.jsdelivr.net/gh/lumeland/lume@3.2.1/core/utils/page_content.ts": "bbadb588f9d9fcf1a2af156ce4b68974dfad39b65c3c8d42a6f1895b194c7eec",
    "https://cdn.jsdelivr.net/gh/lumeland/lume@3.2.1/core/utils/page_date.ts": "2a3d9c203df298ca61f568fdf509945f127f990769623c3edfd753d39807b757",
    "https://cdn.jsdelivr.net/gh/lumeland/lume@3.2.1/core/utils/page_url.ts": "13d07d54c6d8db0b83df655de999909230d56267e69c0fbe849b4f38689dcecf",
    "https://cdn.jsdelivr.net/gh/lumeland/lume@3.2.1/core/utils/path.ts": "73db7b3bf8df81b7af4085a9fef4d5648ac083a4e826ae98c0dcb96b0fa64e6b",
    "https://cdn.jsdelivr.net/gh/lumeland/lume@3.2.1/core/utils/read.ts": "9a0c87095be118bb599eeebba78613d5b3b1cf6c51c3b4c8016af45675bc7303",
    "https://cdn.jsdelivr.net/gh/lumeland/lume@3.2.1/core/utils/tokens.ts": "201777343e716403bfb1dbbc1a988a85b8d3f12699daaacbe8bbdc3c352a57ff",
    "https://cdn.jsdelivr.net/gh/lumeland/lume@3.2.1/core/watcher.ts": "785e8cb2d942164b943b342dd8f759d4e9ed0481444443c7f138835e323ac418",
    "https://cdn.jsdelivr.net/gh/lumeland/lume@3.2.1/core/writer.ts": "e8952538d57c0b587a3e9344b9b10d1b71274aca234b927b05a09c88ac3f4304",
    "https://cdn.jsdelivr.net/gh/lumeland/lume@3.2.1/deps/colors.ts": "f34cbeb4ad166e5c462e38c3e0b3b84c5c3b57bf521b7a00c1bc4512d78ce918",
    "https://cdn.jsdelivr.net/gh/lumeland/lume@3.2.1/deps/crypto.ts": "0939b1e974472d1db1d611b4160a5a51d796da1368289277d2e26803243959d5",
    "https://cdn.jsdelivr.net/gh/lumeland/lume@3.2.1/deps/debugbar.ts": "f5b87fc01d3c6b8861efa729b142de340f2ca3900b99c5d553434164b7e601d5",
    "https://cdn.jsdelivr.net/gh/lumeland/lume@3.2.1/deps/dom.ts": "08bdf42363093cae0e0a3f6efb3c500cfc8a7a6ab09d73fa69d212a6c907d547",
    "https://cdn.jsdelivr.net/gh/lumeland/lume@3.2.1/deps/esbuild.ts": "e76395268c8b82856d0bf9452a56a2834d4f1b618e97bd8c628a65a45f5e3c62",
    "https://cdn.jsdelivr.net/gh/lumeland/lume@3.2.1/deps/front_matter.ts": "f5e5780d4a0502d50cde1f42a4aa7830756dc9bd0251ba7448cecd1eaa60878f",
    "https://cdn.jsdelivr.net/gh/lumeland/lume@3.2.1/deps/fs.ts": "fce7083ebe6085070f70e384935f7aa6b7516f0a9b019de8ffd55e44601ce9ae",
    "https://cdn.jsdelivr.net/gh/lumeland/lume@3.2.1/deps/hex.ts": "828718f24a780ff3ade8d0a8a5b57497cb31c257560ef12af99b6eb1a31e3bbd",
    "https://cdn.jsdelivr.net/gh/lumeland/lume@3.2.1/deps/http.ts": "b3f8b5d492ef307a667812b063e99850e93ff1a8fa3a900e5f9c9a7cbc6d9dbc",
    "https://cdn.jsdelivr.net/gh/lumeland/lume@3.2.1/deps/lightningcss.ts": "d6a76e471107bde4a3e2837a36de412928533a64781d6f93ffd005b56070f4de",
    "https://cdn.jsdelivr.net/gh/lumeland/lume@3.2.1/deps/path.ts": "a3d24ee31773ba6ef19b588612f376acef0ad5d3d761c4d9a315f79036cc87a4",
    "https://cdn.jsdelivr.net/gh/lumeland/lume@3.2.1/deps/semver.ts": "4089dbcbad21636cb3d743eb61b3727674c133fba17556f0738b799f1a5a9441",
    "https://cdn.jsdelivr.net/gh/lumeland/lume@3.2.1/middlewares/not_found.ts": "0f92cd91239444247a1c3dce1bed4e978445687ca76f544a0ccd483a352f761a",
    "https://purge.jsdelivr.net/gh/ajzeigert/lume-plugin-maplibre@main/mod.ts": "13716ccd75cd11f6b6094297b52e46606ea144a77cc48a242e4a572fc24cc538"
  }
}
